// !$*UTF8*$!
{
	archiveVersion = 1;
	classes = {
	};
	objectVersion = 46;
	objects = {

/* Begin PBXBuildFile section */
		8657DE7D190E636300BB650F /* CylinderObject.m in Sources */ = {isa = PBXBuildFile; fileRef = 8657DE7C190E636300BB650F /* CylinderObject.m */; };
		8657DE86190EE74600BB650F /* CirclePlaneObject.m in Sources */ = {isa = PBXBuildFile; fileRef = 8657DE85190EE74600BB650F /* CirclePlaneObject.m */; };
		866B30FB190BA25B001036AF /* Foundation.framework in Frameworks */ = {isa = PBXBuildFile; fileRef = 866B30FA190BA25B001036AF /* Foundation.framework */; };
		866B30FD190BA25B001036AF /* CoreGraphics.framework in Frameworks */ = {isa = PBXBuildFile; fileRef = 866B30FC190BA25B001036AF /* CoreGraphics.framework */; };
		866B30FF190BA25B001036AF /* UIKit.framework in Frameworks */ = {isa = PBXBuildFile; fileRef = 866B30FE190BA25B001036AF /* UIKit.framework */; };
		866B3105190BA25B001036AF /* InfoPlist.strings in Resources */ = {isa = PBXBuildFile; fileRef = 866B3103190BA25B001036AF /* InfoPlist.strings */; };
		866B3107190BA25B001036AF /* main.m in Sources */ = {isa = PBXBuildFile; fileRef = 866B3106190BA25B001036AF /* main.m */; };
		866B310B190BA25B001036AF /* AppDelegate.m in Sources */ = {isa = PBXBuildFile; fileRef = 866B310A190BA25B001036AF /* AppDelegate.m */; };
		866B310D190BA25B001036AF /* Images.xcassets in Resources */ = {isa = PBXBuildFile; fileRef = 866B310C190BA25B001036AF /* Images.xcassets */; };
		866B3114190BA25B001036AF /* XCTest.framework in Frameworks */ = {isa = PBXBuildFile; fileRef = 866B3113190BA25B001036AF /* XCTest.framework */; };
		866B3115190BA25B001036AF /* Foundation.framework in Frameworks */ = {isa = PBXBuildFile; fileRef = 866B30FA190BA25B001036AF /* Foundation.framework */; };
		866B3116190BA25B001036AF /* UIKit.framework in Frameworks */ = {isa = PBXBuildFile; fileRef = 866B30FE190BA25B001036AF /* UIKit.framework */; };
		866B314C190BA2BB001036AF /* ViewController.m in Sources */ = {isa = PBXBuildFile; fileRef = 866B3129190BA2BB001036AF /* ViewController.m */; };
		866B3163190BA2BB001036AF /* ShaderProcessor.m in Sources */ = {isa = PBXBuildFile; fileRef = 866B3149190BA2BB001036AF /* ShaderProcessor.m */; };
		866B3164190BA2BB001036AF /* Transformations.m in Sources */ = {isa = PBXBuildFile; fileRef = 866B314B190BA2BB001036AF /* Transformations.m */; };
		866B316E190BA30A001036AF /* MainStoryboard.storyboard in Resources */ = {isa = PBXBuildFile; fileRef = 866B316C190BA30A001036AF /* MainStoryboard.storyboard */; };
		866B3175190C5AAA001036AF /* HouseObject.m in Sources */ = {isa = PBXBuildFile; fileRef = 866B3174190C5AAA001036AF /* HouseObject.m */; };
		867DCE67190C74060066E31B /* SnowParticleObject.m in Sources */ = {isa = PBXBuildFile; fileRef = 867DCE66190C74060066E31B /* SnowParticleObject.m */; };
		867DCEDB190CA9480066E31B /* BordersManor1.jpg in Resources */ = {isa = PBXBuildFile; fileRef = 867DCE9B190CA9480066E31B /* BordersManor1.jpg */; };
		867DCEDC190CA9480066E31B /* FloorManor1.jpg in Resources */ = {isa = PBXBuildFile; fileRef = 867DCE9C190CA9480066E31B /* FloorManor1.jpg */; };
		867DCEDE190CA9480066E31B /* Manor.obj in Resources */ = {isa = PBXBuildFile; fileRef = 867DCE9E190CA9480066E31B /* Manor.obj */; };
		867DCEE5190CA9480066E31B /* PillarsManor1.jpg in Resources */ = {isa = PBXBuildFile; fileRef = 867DCEAB190CA9480066E31B /* PillarsManor1.jpg */; };
		867DCEE6190CA9480066E31B /* RoofManor1.jpg in Resources */ = {isa = PBXBuildFile; fileRef = 867DCEAC190CA9480066E31B /* RoofManor1.jpg */; };
		867DCEE7190CA9480066E31B /* RustyFence1.jpg in Resources */ = {isa = PBXBuildFile; fileRef = 867DCEAD190CA9480066E31B /* RustyFence1.jpg */; };
		867DCEE8190CA9480066E31B /* Snow0AE1.jpg in Resources */ = {isa = PBXBuildFile; fileRef = 867DCEAE190CA9480066E31B /* Snow0AE1.jpg */; };
		867DCEE9190CA9480066E31B /* Snowz001.jpg in Resources */ = {isa = PBXBuildFile; fileRef = 867DCEAF190CA9480066E31B /* Snowz001.jpg */; };
		867DCEEA190CA9480066E31B /* Stone1.jpg in Resources */ = {isa = PBXBuildFile; fileRef = 867DCEB0190CA9480066E31B /* Stone1.jpg */; };
		867DCEEB190CA9480066E31B /* Tree1.jpg in Resources */ = {isa = PBXBuildFile; fileRef = 867DCEB1190CA9480066E31B /* Tree1.jpg */; };
		867DCEEC190CA9480066E31B /* WallsManor1.jpg in Resources */ = {isa = PBXBuildFile; fileRef = 867DCEB2190CA9480066E31B /* WallsManor1.jpg */; };
		867DCEED190CA9480066E31B /* WindowsManor1.jpg in Resources */ = {isa = PBXBuildFile; fileRef = 867DCEB3190CA9480066E31B /* WindowsManor1.jpg */; };
		867DCEEE190CA9480066E31B /* WindowsManor2.jpg in Resources */ = {isa = PBXBuildFile; fileRef = 867DCEB4190CA9480066E31B /* WindowsManor2.jpg */; };
		867DCF5C190DCAFE0066E31B /* GlassSphere.m in Sources */ = {isa = PBXBuildFile; fileRef = 867DCF5B190DCAFE0066E31B /* GlassSphere.m */; };
		86ADAA511910501D002ED54E /* Grass_Texture_02.jpg in Resources */ = {isa = PBXBuildFile; fileRef = 86ADAA4F1910501D002ED54E /* Grass_Texture_02.jpg */; };
		86ADAA521910501D002ED54E /* snowflake-transparent-5.png in Resources */ = {isa = PBXBuildFile; fileRef = 86ADAA501910501D002ED54E /* snowflake-transparent-5.png */; };
/* End PBXBuildFile section */

/* Begin PBXContainerItemProxy section */
		866B3117190BA25B001036AF /* PBXContainerItemProxy */ = {
			isa = PBXContainerItemProxy;
			containerPortal = 866B30EF190BA25B001036AF /* Project object */;
			proxyType = 1;
			remoteGlobalIDString = 866B30F6190BA25B001036AF;
			remoteInfo = SnowGlobe;
		};
/* End PBXContainerItemProxy section */

/* Begin PBXFileReference section */
		8657DE74190E0AC600BB650F /* GlassSphereShader.vsh */ = {isa = PBXFileReference; fileEncoding = 4; lastKnownFileType = sourcecode.glsl; path = GlassSphereShader.vsh; sourceTree = "<group>"; };
		8657DE76190E0AD500BB650F /* GlassSphereShader.fsh */ = {isa = PBXFileReference; fileEncoding = 4; lastKnownFileType = sourcecode.glsl; path = GlassSphereShader.fsh; sourceTree = "<group>"; };
		8657DE7B190E636300BB650F /* CylinderObject.h */ = {isa = PBXFileReference; fileEncoding = 4; lastKnownFileType = sourcecode.c.h; path = CylinderObject.h; sourceTree = "<group>"; };
		8657DE7C190E636300BB650F /* CylinderObject.m */ = {isa = PBXFileReference; fileEncoding = 4; lastKnownFileType = sourcecode.c.objc; path = CylinderObject.m; sourceTree = "<group>"; };
		8657DE7E190EBAF600BB650F /* CylinderShader.vsh */ = {isa = PBXFileReference; lastKnownFileType = sourcecode.glsl; path = CylinderShader.vsh; sourceTree = "<group>"; };
		8657DE7F190EBB2800BB650F /* CylinderShader.fsh */ = {isa = PBXFileReference; lastKnownFileType = sourcecode.glsl; path = CylinderShader.fsh; sourceTree = "<group>"; };
		8657DE84190EE74600BB650F /* CirclePlaneObject.h */ = {isa = PBXFileReference; fileEncoding = 4; lastKnownFileType = sourcecode.c.h; path = CirclePlaneObject.h; sourceTree = "<group>"; };
		8657DE85190EE74600BB650F /* CirclePlaneObject.m */ = {isa = PBXFileReference; fileEncoding = 4; lastKnownFileType = sourcecode.c.objc; path = CirclePlaneObject.m; sourceTree = "<group>"; };
		866B30F7190BA25B001036AF /* SnowGlobe.app */ = {isa = PBXFileReference; explicitFileType = wrapper.application; includeInIndex = 0; path = SnowGlobe.app; sourceTree = BUILT_PRODUCTS_DIR; };
		866B30FA190BA25B001036AF /* Foundation.framework */ = {isa = PBXFileReference; lastKnownFileType = wrapper.framework; name = Foundation.framework; path = System/Library/Frameworks/Foundation.framework; sourceTree = SDKROOT; };
		866B30FC190BA25B001036AF /* CoreGraphics.framework */ = {isa = PBXFileReference; lastKnownFileType = wrapper.framework; name = CoreGraphics.framework; path = System/Library/Frameworks/CoreGraphics.framework; sourceTree = SDKROOT; };
		866B30FE190BA25B001036AF /* UIKit.framework */ = {isa = PBXFileReference; lastKnownFileType = wrapper.framework; name = UIKit.framework; path = System/Library/Frameworks/UIKit.framework; sourceTree = SDKROOT; };
		866B3102190BA25B001036AF /* SnowGlobe-Info.plist */ = {isa = PBXFileReference; lastKnownFileType = text.plist.xml; path = "SnowGlobe-Info.plist"; sourceTree = "<group>"; };
		866B3104190BA25B001036AF /* en */ = {isa = PBXFileReference; lastKnownFileType = text.plist.strings; name = en; path = en.lproj/InfoPlist.strings; sourceTree = "<group>"; };
		866B3106190BA25B001036AF /* main.m */ = {isa = PBXFileReference; lastKnownFileType = sourcecode.c.objc; path = main.m; sourceTree = "<group>"; };
		866B3108190BA25B001036AF /* SnowGlobe-Prefix.pch */ = {isa = PBXFileReference; lastKnownFileType = sourcecode.c.h; path = "SnowGlobe-Prefix.pch"; sourceTree = "<group>"; };
		866B3109190BA25B001036AF /* AppDelegate.h */ = {isa = PBXFileReference; lastKnownFileType = sourcecode.c.h; path = AppDelegate.h; sourceTree = "<group>"; };
		866B310A190BA25B001036AF /* AppDelegate.m */ = {isa = PBXFileReference; lastKnownFileType = sourcecode.c.objc; path = AppDelegate.m; sourceTree = "<group>"; };
		866B310C190BA25B001036AF /* Images.xcassets */ = {isa = PBXFileReference; lastKnownFileType = folder.assetcatalog; path = Images.xcassets; sourceTree = "<group>"; };
		866B3112190BA25B001036AF /* SnowGlobeTests.xctest */ = {isa = PBXFileReference; explicitFileType = wrapper.cfbundle; includeInIndex = 0; path = SnowGlobeTests.xctest; sourceTree = BUILT_PRODUCTS_DIR; };
		866B3113190BA25B001036AF /* XCTest.framework */ = {isa = PBXFileReference; lastKnownFileType = wrapper.framework; name = XCTest.framework; path = Library/Frameworks/XCTest.framework; sourceTree = DEVELOPER_DIR; };
		866B3129190BA2BB001036AF /* ViewController.m */ = {isa = PBXFileReference; fileEncoding = 4; lastKnownFileType = sourcecode.c.objc; path = ViewController.m; sourceTree = "<group>"; };
		866B312A190BA2BB001036AF /* ViewController.h */ = {isa = PBXFileReference; fileEncoding = 4; lastKnownFileType = sourcecode.c.h; path = ViewController.h; sourceTree = "<group>"; };
		866B3146190BA2BB001036AF /* Shader.fsh */ = {isa = PBXFileReference; fileEncoding = 4; lastKnownFileType = sourcecode.glsl; path = Shader.fsh; sourceTree = "<group>"; };
		866B3147190BA2BB001036AF /* Shader.vsh */ = {isa = PBXFileReference; fileEncoding = 4; lastKnownFileType = sourcecode.glsl; path = Shader.vsh; sourceTree = "<group>"; };
		866B3148190BA2BB001036AF /* ShaderProcessor.h */ = {isa = PBXFileReference; fileEncoding = 4; lastKnownFileType = sourcecode.c.h; path = ShaderProcessor.h; sourceTree = "<group>"; };
		866B3149190BA2BB001036AF /* ShaderProcessor.m */ = {isa = PBXFileReference; fileEncoding = 4; lastKnownFileType = sourcecode.c.objc; path = ShaderProcessor.m; sourceTree = "<group>"; };
		866B314A190BA2BB001036AF /* Transformations.h */ = {isa = PBXFileReference; fileEncoding = 4; lastKnownFileType = sourcecode.c.h; path = Transformations.h; sourceTree = "<group>"; };
		866B314B190BA2BB001036AF /* Transformations.m */ = {isa = PBXFileReference; fileEncoding = 4; lastKnownFileType = sourcecode.c.objc; path = Transformations.m; sourceTree = "<group>"; };
		866B316D190BA30A001036AF /* en */ = {isa = PBXFileReference; lastKnownFileType = file.storyboard; name = en; path = en.lproj/MainStoryboard.storyboard; sourceTree = "<group>"; };
		866B316F190BA423001036AF /* Utility.h */ = {isa = PBXFileReference; lastKnownFileType = sourcecode.c.h; path = Utility.h; sourceTree = "<group>"; };
		866B3173190C5AAA001036AF /* HouseObject.h */ = {isa = PBXFileReference; fileEncoding = 4; lastKnownFileType = sourcecode.c.h; path = HouseObject.h; sourceTree = "<group>"; };
		866B3174190C5AAA001036AF /* HouseObject.m */ = {isa = PBXFileReference; fileEncoding = 4; lastKnownFileType = sourcecode.c.objc; path = HouseObject.m; sourceTree = "<group>"; };
		867DCE65190C74060066E31B /* SnowParticleObject.h */ = {isa = PBXFileReference; fileEncoding = 4; lastKnownFileType = sourcecode.c.h; path = SnowParticleObject.h; sourceTree = "<group>"; };
		867DCE66190C74060066E31B /* SnowParticleObject.m */ = {isa = PBXFileReference; fileEncoding = 4; lastKnownFileType = sourcecode.c.objc; path = SnowParticleObject.m; sourceTree = "<group>"; };
		867DCE6B190C7ABD0066E31B /* SnowShader.vsh */ = {isa = PBXFileReference; lastKnownFileType = sourcecode.glsl; path = SnowShader.vsh; sourceTree = "<group>"; };
		867DCE6C190C7AC70066E31B /* SnowShader.fsh */ = {isa = PBXFileReference; lastKnownFileType = sourcecode.glsl; path = SnowShader.fsh; sourceTree = "<group>"; };
		867DCE9B190CA9480066E31B /* BordersManor1.jpg */ = {isa = PBXFileReference; lastKnownFileType = image.jpeg; path = BordersManor1.jpg; sourceTree = "<group>"; };
		867DCE9C190CA9480066E31B /* FloorManor1.jpg */ = {isa = PBXFileReference; lastKnownFileType = image.jpeg; path = FloorManor1.jpg; sourceTree = "<group>"; };
		867DCE9E190CA9480066E31B /* Manor.obj */ = {isa = PBXFileReference; fileEncoding = 4; lastKnownFileType = text; path = Manor.obj; sourceTree = "<group>"; };
		867DCEA4190CA9480066E31B /* ManorMTL.h */ = {isa = PBXFileReference; fileEncoding = 4; lastKnownFileType = sourcecode.c.h; path = ManorMTL.h; sourceTree = "<group>"; };
		867DCEA5190CA9480066E31B /* ManorOBJ.h */ = {isa = PBXFileReference; fileEncoding = 4; lastKnownFileType = sourcecode.c.h; path = ManorOBJ.h; sourceTree = "<group>"; };
		867DCEAB190CA9480066E31B /* PillarsManor1.jpg */ = {isa = PBXFileReference; lastKnownFileType = image.jpeg; path = PillarsManor1.jpg; sourceTree = "<group>"; };
		867DCEAC190CA9480066E31B /* RoofManor1.jpg */ = {isa = PBXFileReference; lastKnownFileType = image.jpeg; path = RoofManor1.jpg; sourceTree = "<group>"; };
		867DCEAD190CA9480066E31B /* RustyFence1.jpg */ = {isa = PBXFileReference; lastKnownFileType = image.jpeg; path = RustyFence1.jpg; sourceTree = "<group>"; };
		867DCEAE190CA9480066E31B /* Snow0AE1.jpg */ = {isa = PBXFileReference; lastKnownFileType = image.jpeg; path = Snow0AE1.jpg; sourceTree = "<group>"; };
		867DCEAF190CA9480066E31B /* Snowz001.jpg */ = {isa = PBXFileReference; lastKnownFileType = image.jpeg; path = Snowz001.jpg; sourceTree = "<group>"; };
		867DCEB0190CA9480066E31B /* Stone1.jpg */ = {isa = PBXFileReference; lastKnownFileType = image.jpeg; path = Stone1.jpg; sourceTree = "<group>"; };
		867DCEB1190CA9480066E31B /* Tree1.jpg */ = {isa = PBXFileReference; lastKnownFileType = image.jpeg; path = Tree1.jpg; sourceTree = "<group>"; };
		867DCEB2190CA9480066E31B /* WallsManor1.jpg */ = {isa = PBXFileReference; lastKnownFileType = image.jpeg; path = WallsManor1.jpg; sourceTree = "<group>"; };
		867DCEB3190CA9480066E31B /* WindowsManor1.jpg */ = {isa = PBXFileReference; lastKnownFileType = image.jpeg; path = WindowsManor1.jpg; sourceTree = "<group>"; };
		867DCEB4190CA9480066E31B /* WindowsManor2.jpg */ = {isa = PBXFileReference; lastKnownFileType = image.jpeg; path = WindowsManor2.jpg; sourceTree = "<group>"; };
		867DCF5A190DCAFE0066E31B /* GlassSphere.h */ = {isa = PBXFileReference; fileEncoding = 4; lastKnownFileType = sourcecode.c.h; path = GlassSphere.h; sourceTree = "<group>"; };
		867DCF5B190DCAFE0066E31B /* GlassSphere.m */ = {isa = PBXFileReference; fileEncoding = 4; lastKnownFileType = sourcecode.c.objc; path = GlassSphere.m; sourceTree = "<group>"; };
		86ADAA4F1910501D002ED54E /* Grass_Texture_02.jpg */ = {isa = PBXFileReference; lastKnownFileType = image.jpeg; path = Grass_Texture_02.jpg; sourceTree = "<group>"; };
		86ADAA501910501D002ED54E /* snowflake-transparent-5.png */ = {isa = PBXFileReference; lastKnownFileType = image.png; path = "snowflake-transparent-5.png"; sourceTree = "<group>"; };
/* End PBXFileReference section */

/* Begin PBXFrameworksBuildPhase section */
		866B30F4190BA25B001036AF /* Frameworks */ = {
			isa = PBXFrameworksBuildPhase;
			buildActionMask = 2147483647;
			files = (
				866B30FD190BA25B001036AF /* CoreGraphics.framework in Frameworks */,
				866B30FF190BA25B001036AF /* UIKit.framework in Frameworks */,
				866B30FB190BA25B001036AF /* Foundation.framework in Frameworks */,
			);
			runOnlyForDeploymentPostprocessing = 0;
		};
		866B310F190BA25B001036AF /* Frameworks */ = {
			isa = PBXFrameworksBuildPhase;
			buildActionMask = 2147483647;
			files = (
				866B3114190BA25B001036AF /* XCTest.framework in Frameworks */,
				866B3116190BA25B001036AF /* UIKit.framework in Frameworks */,
				866B3115190BA25B001036AF /* Foundation.framework in Frameworks */,
			);
			runOnlyForDeploymentPostprocessing = 0;
		};
/* End PBXFrameworksBuildPhase section */

/* Begin PBXGroup section */
		866B30EE190BA25B001036AF = {
			isa = PBXGroup;
			children = (
				866B3100190BA25B001036AF /* SnowGlobe */,
				866B30F9190BA25B001036AF /* Frameworks */,
				866B30F8190BA25B001036AF /* Products */,
			);
			sourceTree = "<group>";
		};
		866B30F8190BA25B001036AF /* Products */ = {
			isa = PBXGroup;
			children = (
				866B30F7190BA25B001036AF /* SnowGlobe.app */,
				866B3112190BA25B001036AF /* SnowGlobeTests.xctest */,
			);
			name = Products;
			sourceTree = "<group>";
		};
		866B30F9190BA25B001036AF /* Frameworks */ = {
			isa = PBXGroup;
			children = (
				866B30FA190BA25B001036AF /* Foundation.framework */,
				866B30FC190BA25B001036AF /* CoreGraphics.framework */,
				866B30FE190BA25B001036AF /* UIKit.framework */,
				866B3113190BA25B001036AF /* XCTest.framework */,
			);
			name = Frameworks;
			sourceTree = "<group>";
		};
		866B3100190BA25B001036AF /* SnowGlobe */ = {
			isa = PBXGroup;
			children = (
				867DCE6A190C7A640066E31B /* iPad */,
				866B316C190BA30A001036AF /* MainStoryboard.storyboard */,
				866B3129190BA2BB001036AF /* ViewController.m */,
				866B312A190BA2BB001036AF /* ViewController.h */,
				866B312B190BA2BB001036AF /* Resource */,
				866B3170190BA77B001036AF /* Shaders */,
				866B3171190BA79F001036AF /* Classes */,
				866B3109190BA25B001036AF /* AppDelegate.h */,
				866B310A190BA25B001036AF /* AppDelegate.m */,
				866B310C190BA25B001036AF /* Images.xcassets */,
				866B3101190BA25B001036AF /* Supporting Files */,
				866B3176190C5AB6001036AF /* Objects */,
			);
			path = SnowGlobe;
			sourceTree = "<group>";
		};
		866B3101190BA25B001036AF /* Supporting Files */ = {
			isa = PBXGroup;
			children = (
				866B3102190BA25B001036AF /* SnowGlobe-Info.plist */,
				866B3103190BA25B001036AF /* InfoPlist.strings */,
				866B3106190BA25B001036AF /* main.m */,
				866B3108190BA25B001036AF /* SnowGlobe-Prefix.pch */,
			);
			name = "Supporting Files";
			sourceTree = "<group>";
		};
		866B312B190BA2BB001036AF /* Resource */ = {
			isa = PBXGroup;
			children = (
				86ADAA4E1910501D002ED54E /* Texture */,
				867DCE9A190CA9480066E31B /* SpookyManor */,
			);
			name = Resource;
			path = SpookyManor;
			sourceTree = "<group>";
		};
		866B3170190BA77B001036AF /* Shaders */ = {
			isa = PBXGroup;
			children = (
				8657DE7E190EBAF600BB650F /* CylinderShader.vsh */,
				8657DE7F190EBB2800BB650F /* CylinderShader.fsh */,
				866B3147190BA2BB001036AF /* Shader.vsh */,
				866B3146190BA2BB001036AF /* Shader.fsh */,
				867DCE6B190C7ABD0066E31B /* SnowShader.vsh */,
				867DCE6C190C7AC70066E31B /* SnowShader.fsh */,
				8657DE74190E0AC600BB650F /* GlassSphereShader.vsh */,
				8657DE76190E0AD500BB650F /* GlassSphereShader.fsh */,
			);
			name = Shaders;
			sourceTree = "<group>";
		};
		866B3171190BA79F001036AF /* Classes */ = {
			isa = PBXGroup;
			children = (
				866B3148190BA2BB001036AF /* ShaderProcessor.h */,
				866B3149190BA2BB001036AF /* ShaderProcessor.m */,
				866B314A190BA2BB001036AF /* Transformations.h */,
				866B314B190BA2BB001036AF /* Transformations.m */,
				866B316F190BA423001036AF /* Utility.h */,
			);
			name = Classes;
			sourceTree = "<group>";
		};
		866B3176190C5AB6001036AF /* Objects */ = {
			isa = PBXGroup;
			children = (
				866B3173190C5AAA001036AF /* HouseObject.h */,
				866B3174190C5AAA001036AF /* HouseObject.m */,
				867DCE65190C74060066E31B /* SnowParticleObject.h */,
				867DCE66190C74060066E31B /* SnowParticleObject.m */,
				867DCF5A190DCAFE0066E31B /* GlassSphere.h */,
				867DCF5B190DCAFE0066E31B /* GlassSphere.m */,
				8657DE7B190E636300BB650F /* CylinderObject.h */,
				8657DE7C190E636300BB650F /* CylinderObject.m */,
				8657DE84190EE74600BB650F /* CirclePlaneObject.h */,
				8657DE85190EE74600BB650F /* CirclePlaneObject.m */,
			);
			name = Objects;
			sourceTree = "<group>";
		};
		867DCE6A190C7A640066E31B /* iPad */ = {
			isa = PBXGroup;
			children = (
			);
			name = iPad;
			sourceTree = "<group>";
		};
		867DCE9A190CA9480066E31B /* SpookyManor */ = {
			isa = PBXGroup;
			children = (
				867DCE9B190CA9480066E31B /* BordersManor1.jpg */,
				867DCE9C190CA9480066E31B /* FloorManor1.jpg */,
				867DCE9E190CA9480066E31B /* Manor.obj */,
				867DCEA4190CA9480066E31B /* ManorMTL.h */,
				867DCEA5190CA9480066E31B /* ManorOBJ.h */,
				867DCEAB190CA9480066E31B /* PillarsManor1.jpg */,
				867DCEAC190CA9480066E31B /* RoofManor1.jpg */,
				867DCEAD190CA9480066E31B /* RustyFence1.jpg */,
				867DCEAE190CA9480066E31B /* Snow0AE1.jpg */,
				867DCEAF190CA9480066E31B /* Snowz001.jpg */,
				867DCEB0190CA9480066E31B /* Stone1.jpg */,
				867DCEB1190CA9480066E31B /* Tree1.jpg */,
				867DCEB2190CA9480066E31B /* WallsManor1.jpg */,
				867DCEB3190CA9480066E31B /* WindowsManor1.jpg */,
				867DCEB4190CA9480066E31B /* WindowsManor2.jpg */,
			);
			name = SpookyManor;
			sourceTree = "<group>";
		};
		86ADAA4E1910501D002ED54E /* Texture */ = {
			isa = PBXGroup;
			children = (
				86ADAA4F1910501D002ED54E /* Grass_Texture_02.jpg */,
				86ADAA501910501D002ED54E /* snowflake-transparent-5.png */,
			);
			name = Texture;
			path = SnowGlobe/Texture;
			sourceTree = SOURCE_ROOT;
		};
/* End PBXGroup section */

/* Begin PBXNativeTarget section */
		866B30F6190BA25B001036AF /* SnowGlobe */ = {
			isa = PBXNativeTarget;
			buildConfigurationList = 866B3123190BA25B001036AF /* Build configuration list for PBXNativeTarget "SnowGlobe" */;
			buildPhases = (
				866B30F3190BA25B001036AF /* Sources */,
				866B30F4190BA25B001036AF /* Frameworks */,
				866B30F5190BA25B001036AF /* Resources */,
			);
			buildRules = (
			);
			dependencies = (
			);
			name = SnowGlobe;
			productName = SnowGlobe;
			productReference = 866B30F7190BA25B001036AF /* SnowGlobe.app */;
			productType = "com.apple.product-type.application";
		};
		866B3111190BA25B001036AF /* SnowGlobeTests */ = {
			isa = PBXNativeTarget;
			buildConfigurationList = 866B3126190BA25B001036AF /* Build configuration list for PBXNativeTarget "SnowGlobeTests" */;
			buildPhases = (
				866B310E190BA25B001036AF /* Sources */,
				866B310F190BA25B001036AF /* Frameworks */,
				866B3110190BA25B001036AF /* Resources */,
			);
			buildRules = (
			);
			dependencies = (
				866B3118190BA25B001036AF /* PBXTargetDependency */,
			);
			name = SnowGlobeTests;
			productName = SnowGlobeTests;
			productReference = 866B3112190BA25B001036AF /* SnowGlobeTests.xctest */;
			productType = "com.apple.product-type.bundle.unit-test";
		};
/* End PBXNativeTarget section */

/* Begin PBXProject section */
		866B30EF190BA25B001036AF /* Project object */ = {
			isa = PBXProject;
			attributes = {
				LastUpgradeCheck = 0510;
				ORGANIZATIONNAME = "Winnie Zeng";
				TargetAttributes = {
					866B3111190BA25B001036AF = {
						TestTargetID = 866B30F6190BA25B001036AF;
					};
				};
			};
			buildConfigurationList = 866B30F2190BA25B001036AF /* Build configuration list for PBXProject "SnowGlobe" */;
			compatibilityVersion = "Xcode 3.2";
			developmentRegion = English;
			hasScannedForEncodings = 0;
			knownRegions = (
				en,
			);
			mainGroup = 866B30EE190BA25B001036AF;
			productRefGroup = 866B30F8190BA25B001036AF /* Products */;
			projectDirPath = "";
			projectRoot = "";
			targets = (
				866B30F6190BA25B001036AF /* SnowGlobe */,
				866B3111190BA25B001036AF /* SnowGlobeTests */,
			);
		};
/* End PBXProject section */

/* Begin PBXResourcesBuildPhase section */
		866B30F5190BA25B001036AF /* Resources */ = {
			isa = PBXResourcesBuildPhase;
			buildActionMask = 2147483647;
			files = (
				867DCEDE190CA9480066E31B /* Manor.obj in Resources */,
				867DCEE9190CA9480066E31B /* Snowz001.jpg in Resources */,
				867DCEEE190CA9480066E31B /* WindowsManor2.jpg in Resources */,
				867DCEE8190CA9480066E31B /* Snow0AE1.jpg in Resources */,
				86ADAA511910501D002ED54E /* Grass_Texture_02.jpg in Resources */,
				86ADAA521910501D002ED54E /* snowflake-transparent-5.png in Resources */,
				867DCEED190CA9480066E31B /* WindowsManor1.jpg in Resources */,
				866B3105190BA25B001036AF /* InfoPlist.strings in Resources */,
				867DCEEA190CA9480066E31B /* Stone1.jpg in Resources */,
				867DCEEC190CA9480066E31B /* WallsManor1.jpg in Resources */,
				866B316E190BA30A001036AF /* MainStoryboard.storyboard in Resources */,
				867DCEDC190CA9480066E31B /* FloorManor1.jpg in Resources */,
				867DCEE5190CA9480066E31B /* PillarsManor1.jpg in Resources */,
				866B310D190BA25B001036AF /* Images.xcassets in Resources */,
				867DCEEB190CA9480066E31B /* Tree1.jpg in Resources */,
				867DCEE7190CA9480066E31B /* RustyFence1.jpg in Resources */,
				867DCEDB190CA9480066E31B /* BordersManor1.jpg in Resources */,
				867DCEE6190CA9480066E31B /* RoofManor1.jpg in Resources */,
			);
			runOnlyForDeploymentPostprocessing = 0;
		};
		866B3110190BA25B001036AF /* Resources */ = {
			isa = PBXResourcesBuildPhase;
			buildActionMask = 2147483647;
			files = (
			);
			runOnlyForDeploymentPostprocessing = 0;
		};
/* End PBXResourcesBuildPhase section */

/* Begin PBXSourcesBuildPhase section */
		866B30F3190BA25B001036AF /* Sources */ = {
			isa = PBXSourcesBuildPhase;
			buildActionMask = 2147483647;
			files = (
				866B3164190BA2BB001036AF /* Transformations.m in Sources */,
				867DCF5C190DCAFE0066E31B /* GlassSphere.m in Sources */,
				867DCE67190C74060066E31B /* SnowParticleObject.m in Sources */,
				8657DE86190EE74600BB650F /* CirclePlaneObject.m in Sources */,
				866B314C190BA2BB001036AF /* ViewController.m in Sources */,
				866B310B190BA25B001036AF /* AppDelegate.m in Sources */,
				866B3175190C5AAA001036AF /* HouseObject.m in Sources */,
				8657DE7D190E636300BB650F /* CylinderObject.m in Sources */,
				866B3107190BA25B001036AF /* main.m in Sources */,
				866B3163190BA2BB001036AF /* ShaderProcessor.m in Sources */,
			);
			runOnlyForDeploymentPostprocessing = 0;
		};
		866B310E190BA25B001036AF /* Sources */ = {
			isa = PBXSourcesBuildPhase;
			buildActionMask = 2147483647;
			files = (
			);
			runOnlyForDeploymentPostprocessing = 0;
		};
/* End PBXSourcesBuildPhase section */

/* Begin PBXTargetDependency section */
		866B3118190BA25B001036AF /* PBXTargetDependency */ = {
			isa = PBXTargetDependency;
			target = 866B30F6190BA25B001036AF /* SnowGlobe */;
			targetProxy = 866B3117190BA25B001036AF /* PBXContainerItemProxy */;
		};
/* End PBXTargetDependency section */

/* Begin PBXVariantGroup section */
		866B3103190BA25B001036AF /* InfoPlist.strings */ = {
			isa = PBXVariantGroup;
			children = (
				866B3104190BA25B001036AF /* en */,
			);
			name = InfoPlist.strings;
			sourceTree = "<group>";
		};
		866B316C190BA30A001036AF /* MainStoryboard.storyboard */ = {
			isa = PBXVariantGroup;
			children = (
				866B316D190BA30A001036AF /* en */,
			);
			name = MainStoryboard.storyboard;
			sourceTree = "<group>";
		};
/* End PBXVariantGroup section */

/* Begin XCBuildConfiguration section */
		866B3121190BA25B001036AF /* Debug */ = {
			isa = XCBuildConfiguration;
			buildSettings = {
				ALWAYS_SEARCH_USER_PATHS = NO;
				CLANG_CXX_LANGUAGE_STANDARD = "gnu++0x";
				CLANG_CXX_LIBRARY = "libc++";
				CLANG_ENABLE_MODULES = YES;
				CLANG_ENABLE_OBJC_ARC = YES;
				CLANG_WARN_BOOL_CONVERSION = YES;
				CLANG_WARN_CONSTANT_CONVERSION = YES;
				CLANG_WARN_DIRECT_OBJC_ISA_USAGE = YES_ERROR;
				CLANG_WARN_EMPTY_BODY = YES;
				CLANG_WARN_ENUM_CONVERSION = YES;
				CLANG_WARN_INT_CONVERSION = YES;
				CLANG_WARN_OBJC_ROOT_CLASS = YES_ERROR;
				CLANG_WARN__DUPLICATE_METHOD_MATCH = YES;
				"CODE_SIGN_IDENTITY[sdk=iphoneos*]" = "iPhone Developer";
				COPY_PHASE_STRIP = NO;
				GCC_C_LANGUAGE_STANDARD = gnu99;
				GCC_DYNAMIC_NO_PIC = NO;
				GCC_OPTIMIZATION_LEVEL = 0;
				GCC_PREPROCESSOR_DEFINITIONS = (
					"DEBUG=1",
					"$(inherited)",
				);
				GCC_SYMBOLS_PRIVATE_EXTERN = NO;
				GCC_WARN_64_TO_32_BIT_CONVERSION = YES;
				GCC_WARN_ABOUT_RETURN_TYPE = YES_ERROR;
				GCC_WARN_UNDECLARED_SELECTOR = YES;
				GCC_WARN_UNINITIALIZED_AUTOS = YES_AGGRESSIVE;
				GCC_WARN_UNUSED_FUNCTION = YES;
				GCC_WARN_UNUSED_VARIABLE = YES;
				IPHONEOS_DEPLOYMENT_TARGET = 7.1;
				ONLY_ACTIVE_ARCH = YES;
				SDKROOT = iphoneos;
			};
			name = Debug;
		};
		866B3122190BA25B001036AF /* Release */ = {
			isa = XCBuildConfiguration;
			buildSettings = {
				ALWAYS_SEARCH_USER_PATHS = NO;
				CLANG_CXX_LANGUAGE_STANDARD = "gnu++0x";
				CLANG_CXX_LIBRARY = "libc++";
				CLANG_ENABLE_MODULES = YES;
				CLANG_ENABLE_OBJC_ARC = YES;
				CLANG_WARN_BOOL_CONVERSION = YES;
				CLANG_WARN_CONSTANT_CONVERSION = YES;
				CLANG_WARN_DIRECT_OBJC_ISA_USAGE = YES_ERROR;
				CLANG_WARN_EMPTY_BODY = YES;
				CLANG_WARN_ENUM_CONVERSION = YES;
				CLANG_WARN_INT_CONVERSION = YES;
				CLANG_WARN_OBJC_ROOT_CLASS = YES_ERROR;
				CLANG_WARN__DUPLICATE_METHOD_MATCH = YES;
				"CODE_SIGN_IDENTITY[sdk=iphoneos*]" = "iPhone Developer";
				COPY_PHASE_STRIP = YES;
				ENABLE_NS_ASSERTIONS = NO;
				GCC_C_LANGUAGE_STANDARD = gnu99;
				GCC_WARN_64_TO_32_BIT_CONVERSION = YES;
				GCC_WARN_ABOUT_RETURN_TYPE = YES_ERROR;
				GCC_WARN_UNDECLARED_SELECTOR = YES;
				GCC_WARN_UNINITIALIZED_AUTOS = YES_AGGRESSIVE;
				GCC_WARN_UNUSED_FUNCTION = YES;
				GCC_WARN_UNUSED_VARIABLE = YES;
				IPHONEOS_DEPLOYMENT_TARGET = 7.1;
				SDKROOT = iphoneos;
				VALIDATE_PRODUCT = YES;
			};
			name = Release;
		};
		866B3124190BA25B001036AF /* Debug */ = {
			isa = XCBuildConfiguration;
			buildSettings = {
				ASSETCATALOG_COMPILER_APPICON_NAME = AppIcon;
				ASSETCATALOG_COMPILER_LAUNCHIMAGE_NAME = LaunchImage;
				GCC_PRECOMPILE_PREFIX_HEADER = YES;
				GCC_PREFIX_HEADER = "SnowGlobe/SnowGlobe-Prefix.pch";
				INFOPLIST_FILE = "SnowGlobe/SnowGlobe-Info.plist";
				IPHONEOS_DEPLOYMENT_TARGET = 7.1;
				PRODUCT_NAME = "$(TARGET_NAME)";
				TARGETED_DEVICE_FAMILY = 2;
				WRAPPER_EXTENSION = app;
			};
			name = Debug;
		};
		866B3125190BA25B001036AF /* Release */ = {
			isa = XCBuildConfiguration;
			buildSettings = {
				ASSETCATALOG_COMPILER_APPICON_NAME = AppIcon;
				ASSETCATALOG_COMPILER_LAUNCHIMAGE_NAME = LaunchImage;
				GCC_PRECOMPILE_PREFIX_HEADER = YES;
				GCC_PREFIX_HEADER = "SnowGlobe/SnowGlobe-Prefix.pch";
				INFOPLIST_FILE = "SnowGlobe/SnowGlobe-Info.plist";
				IPHONEOS_DEPLOYMENT_TARGET = 7.1;
				PRODUCT_NAME = "$(TARGET_NAME)";
				TARGETED_DEVICE_FAMILY = 2;
				WRAPPER_EXTENSION = app;
			};
			name = Release;
		};
		866B3127190BA25B001036AF /* Debug */ = {
			isa = XCBuildConfiguration;
			buildSettings = {
				BUNDLE_LOADER = "$(BUILT_PRODUCTS_DIR)/SnowGlobe.app/SnowGlobe";
				FRAMEWORK_SEARCH_PATHS = (
					"$(SDKROOT)/Developer/Library/Frameworks",
					"$(inherited)",
					"$(DEVELOPER_FRAMEWORKS_DIR)",
				);
				GCC_PRECOMPILE_PREFIX_HEADER = YES;
				GCC_PREFIX_HEADER = "SnowGlobe/SnowGlobe-Prefix.pch";
				GCC_PREPROCESSOR_DEFINITIONS = (
					"DEBUG=1",
					"$(inherited)",
				);
				INFOPLIST_FILE = "SnowGlobeTests/SnowGlobeTests-Info.plist";
				PRODUCT_NAME = "$(TARGET_NAME)";
				TEST_HOST = "$(BUNDLE_LOADER)";
				WRAPPER_EXTENSION = xctest;
			};
			name = Debug;
		};
		866B3128190BA25B001036AF /* Release */ = {
			isa = XCBuildConfiguration;
			buildSettings = {
				BUNDLE_LOADER = "$(BUILT_PRODUCTS_DIR)/SnowGlobe.app/SnowGlobe";
				FRAMEWORK_SEARCH_PATHS = (
					"$(SDKROOT)/Developer/Library/Frameworks",
					"$(inherited)",
					"$(DEVELOPER_FRAMEWORKS_DIR)",
				);
				GCC_PRECOMPILE_PREFIX_HEADER = YES;
				GCC_PREFIX_HEADER = "SnowGlobe/SnowGlobe-Prefix.pch";
				INFOPLIST_FILE = "SnowGlobeTests/SnowGlobeTests-Info.plist";
				PRODUCT_NAME = "$(TARGET_NAME)";
				TEST_HOST = "$(BUNDLE_LOADER)";
				WRAPPER_EXTENSION = xctest;
			};
			name = Release;
		};
/* End XCBuildConfiguration section */

/* Begin XCConfigurationList section */
		866B30F2190BA25B001036AF /* Build configuration list for PBXProject "SnowGlobe" */ = {
			isa = XCConfigurationList;
			buildConfigurations = (
				866B3121190BA25B001036AF /* Debug */,
				866B3122190BA25B001036AF /* Release */,
			);
			defaultConfigurationIsVisible = 0;
			defaultConfigurationName = Release;
		};
		866B3123190BA25B001036AF /* Build configuration list for PBXNativeTarget "SnowGlobe" */ = {
			isa = XCConfigurationList;
			buildConfigurations = (
				866B3124190BA25B001036AF /* Debug */,
				866B3125190BA25B001036AF /* Release */,
			);
			defaultConfigurationIsVisible = 0;
			defaultConfigurationName = Release;
		};
		866B3126190BA25B001036AF /* Build configuration list for PBXNativeTarget "SnowGlobeTests" */ = {
			isa = XCConfigurationList;
			buildConfigurations = (
				866B3127190BA25B001036AF /* Debug */,
				866B3128190BA25B001036AF /* Release */,
			);
			defaultConfigurationIsVisible = 0;
			defaultConfigurationName = Release;
		};
/* End XCConfigurationList section */
	};
	rootObject = 866B30EF190BA25B001036AF /* Project object */;
}
